{
  "name": "podcast-rss-generator",
  "version": "1.0.0",
  "lockfileVersion": 3,
  "requires": true,
  "packages": {
    "": {
      "name": "podcast-rss-generator",
      "version": "1.0.0",
      "license": "MIT",
      "dependencies": {
        "fs-extra": "^11.2.0",
        "podcast": "^2.0.1"
      }
    },
    "node_modules/fs-extra": {
      "version": "11.3.3",
      "resolved": "https://npm.dev.wixpress.com/api/npm/npm-repos/fs-extra/-/fs-extra-11.3.3.tgz",
      "integrity": "sha512-VWSRii4t0AFm6ixFFmLLx1t7wS1gh+ckoa84aOeapGum0h+EZd1EhEumSB+ZdDLnEPuucsVB9oB7cxJHap6Afg==",
      "license": "MIT",
      "dependencies": {
        "graceful-fs": "^4.2.0",
        "jsonfile": "^6.0.1",
        "universalify": "^2.0.0"
      },
      "engines": {
        "node": ">=14.14"
      }
    },
    "node_modules/graceful-fs": {
      "version": "4.2.11",
      "resolved": "https://npm.dev.wixpress.com/api/npm/npm-repos/graceful-fs/-/graceful-fs-4.2.11.tgz",
      "integrity": "sha512-RbJ5/jmFcNNCcDV5o9eTnBLJ/HszWV0P73bc+Ff4nS/rJj+YaS6IGyiOL0VoBYX+l1Wrl3k63h/KrH+nhJ0XvQ==",
      "license": "ISC"
    },
    "node_modules/jsonfile": {
      "version": "6.2.0",
      "resolved": "https://npm.dev.wixpress.com/api/npm/npm-repos/jsonfile/-/jsonfile-6.2.0.tgz",
      "integrity": "sha512-FGuPw30AdOIUTRMC2OMRtQV+jkVj2cfPqSeWXv1NEAJ1qZ5zb1X6z1mFhbfOB/iy3ssJCD+3KuZ8r8C3uVFlAg==",
      "license": "MIT",
      "dependencies": {
        "universalify": "^2.0.0"
      },
      "optionalDependencies": {
        "graceful-fs": "^4.1.6"
      }
    },
    "node_modules/mime-db": {
      "version": "1.25.0",
      "resolved": "https://npm.dev.wixpress.com/api/npm/npm-repos/mime-db/-/mime-db-1.25.0.tgz",
      "integrity": "sha512-5k547tI4Cy+Lddr/hdjNbBEWBwSl8EBc5aSdKvedav8DReADgWJzcYiktaRIw3GtGC1jjwldXtTzvqJZmtvC7w==",
      "license": "MIT",
      "engines": {
        "node": ">= 0.6"
      }
    },
    "node_modules/mime-types": {
      "version": "2.1.13",
      "resolved": "https://npm.dev.wixpress.com/api/npm/npm-repos/mime-types/-/mime-types-2.1.13.tgz",
      "integrity": "sha512-ryBDp1Z/6X90UvjUK3RksH0IBPM137T7cmg4OgD5wQBojlAiUwuok0QeELkim/72EtcYuNlmbkrcGuxj3Kl0YQ==",
      "license": "MIT",
      "dependencies": {
        "mime-db": "~1.25.0"
      },
      "engines": {
        "node": ">= 0.6"
      }
    },
    "node_modules/podcast": {
      "version": "2.0.1",
      "resolved": "https://npm.dev.wixpress.com/api/npm/npm-repos/podcast/-/podcast-2.0.1.tgz",
      "integrity": "sha512-TWXe/zVziwJNksAn7RLkSre+Z6VQgbs/+gC7qQCKdkyw0hv2hdFGOY9rHgKqa4LI+UP+yZBa6Wr+b9a9vrYDYQ==",
      "workspaces": [
        "example"
      ],
      "dependencies": {
        "rss": "^1.2.2"
      }
    },
    "node_modules/rss": {
      "version": "1.2.2",
      "resolved": "https://npm.dev.wixpress.com/api/npm/npm-repos/rss/-/rss-1.2.2.tgz",
      "integrity": "sha512-xUhRTgslHeCBeHAqaWSbOYTydN2f0tAzNXvzh3stjz7QDhQMzdgHf3pfgNIngeytQflrFPfy6axHilTETr6gDg==",
      "license": "MIT",
      "dependencies": {
        "mime-types": "2.1.13",
        "xml": "1.0.1"
      }
    },
    "node_modules/universalify": {
      "version": "2.0.1",
      "resolved": "https://npm.dev.wixpress.com/api/npm/npm-repos/universalify/-/universalify-2.0.1.tgz",
      "integrity": "sha512-gptHNQghINnc/vTGIk0SOFGFNXw7JVrlRUtConJRlvaw6DuX0wO5Jeko9sWrMBhh+PsYAZ7oXAiOnf/UKogyiw==",
      "license": "MIT",
      "engines": {
        "node": ">= 10.0.0"
      }
    },
    "node_modules/xml": {
      "version": "1.0.1",
      "resolved": "https://npm.dev.wixpress.com/api/npm/npm-repos/xml/-/xml-1.0.1.tgz",
      "integrity": "sha512-huCv9IH9Tcf95zuYCsQraZtWnJvBtLVE0QHMOs8bWyZAFZNDcYjsPq1nEx8jKA9y+Beo9v+7OBPRisQTjinQMw==",
      "license": "MIT"
    }
  }
}
